
Microsoft Visual Studio Solution File, Format Version 12.00
# Visual Studio Version 17
VisualStudioVersion = 17.11.35222.181
MinimumVisualStudioVersion = 10.0.40219.1
Project("{FAE04EC0-301F-11D3-BF4B-00C04F79EFBC}") = "WpfApp1", "WpfApp1.csproj", "{FEC0AB90-FF66-490A-955F-7C99F168CBA6}"
EndProject
Global
	GlobalSection(SolutionConfigurationPlatforms) = preSolution
		Debug|Any CPU = Debug|Any CPU
		Release|Any CPU = Release|Any CPU
	EndGlobalSection
	GlobalSection(ProjectConfigurationPlatforms) = postSolution
		{FEC0AB90-FF66-490A-955F-7C99F168CBA6}.Debug|Any CPU.ActiveCfg = Debug|Any CPU
		{FEC0AB90-FF66-490A-955F-7C99F168CBA6}.Debug|Any CPU.Build.0 = Debug|Any CPU
		{FEC0AB90-FF66-490A-955F-7C99F168CBA6}.Release|Any CPU.ActiveCfg = Release|Any CPU
		{FEC0AB90-FF66-490A-955F-7C99F168CBA6}.Release|Any CPU.Build.0 = Release|Any CPU
	EndGlobalSection
	GlobalSection(SolutionProperties) = preSolution
		HideSolutionNode = FALSE
	EndGlobalSection
	GlobalSection(ExtensibilityGlobals) = postSolution
		SolutionGuid = {D240CFCD-DD3F-4DB5-8F50-C5A6E8A0F4D3}
	EndGlobalSection
EndGlobal
